
Microsoft Visual Studio Solution File, Format Version 12.00
# Visual Studio Version 17
VisualStudioVersion = 17.14.36121.58 d17.14
MinimumVisualStudioVersion = 10.0.40219.1
Project("{FAE04EC0-301F-11D3-BF4B-00C04F79EFBC}") = "CoursesAPI", "CoursesAPI\CoursesAPI.csproj", "{6895633F-9549-465C-A2D7-97F3E8B50266}"
EndProject
Global
	GlobalSection(SolutionConfigurationPlatforms) = preSolution
		Debug|Any CPU = Debug|Any CPU
		Release|Any CPU = Release|Any CPU
	EndGlobalSection
	GlobalSection(ProjectConfigurationPlatforms) = postSolution
		{6895633F-9549-465C-A2D7-97F3E8B50266}.Debug|Any CPU.ActiveCfg = Debug|Any CPU
		{6895633F-9549-465C-A2D7-97F3E8B50266}.Debug|Any CPU.Build.0 = Debug|Any CPU
		{6895633F-9549-465C-A2D7-97F3E8B50266}.Release|Any CPU.ActiveCfg = Release|Any CPU
		{6895633F-9549-465C-A2D7-97F3E8B50266}.Release|Any CPU.Build.0 = Release|Any CPU
	EndGlobalSection
	GlobalSection(SolutionProperties) = preSolution
		HideSolutionNode = FALSE
	EndGlobalSection
	GlobalSection(ExtensibilityGlobals) = postSolution
		SolutionGuid = {1B67037E-88D2-41D7-90E8-E9CD8FF530B4}
	EndGlobalSection
EndGlobal
